
Microsoft Visual Studio Solution File, Format Version 12.00
# Visual Studio 14
VisualStudioVersion = 14.0.25420.1
MinimumVisualStudioVersion = 10.0.40219.1
Project("{FAE04EC0-301F-11D3-BF4B-00C04F79EFBC}") = "QuestionGame", "QuestionGame\QuestionGame\QuestionGame.csproj", "{86B53231-E32B-4F72-8673-41FBDBE663CE}"
EndProject
Project("{FAE04EC0-301F-11D3-BF4B-00C04F79EFBC}") = "QuestionGame.Droid", "QuestionGame\QuestionGame.Droid\QuestionGame.Droid.csproj", "{441166B3-B448-433D-BBF9-0E6131D9EA68}"
EndProject
Global
	GlobalSection(SolutionConfigurationPlatforms) = preSolution
		Ad-Hoc|Any CPU = Ad-Hoc|Any CPU
		Ad-Hoc|ARM = Ad-Hoc|ARM
		Ad-Hoc|iPhone = Ad-Hoc|iPhone
		Ad-Hoc|iPhoneSimulator = Ad-Hoc|iPhoneSimulator
		Ad-Hoc|x64 = Ad-Hoc|x64
		Ad-Hoc|x86 = Ad-Hoc|x86
		AppStore|Any CPU = AppStore|Any CPU
		AppStore|ARM = AppStore|ARM
		AppStore|iPhone = AppStore|iPhone
		AppStore|iPhoneSimulator = AppStore|iPhoneSimulator
		AppStore|x64 = AppStore|x64
		AppStore|x86 = AppStore|x86
		Debug|Any CPU = Debug|Any CPU
		Debug|ARM = Debug|ARM
		Debug|iPhone = Debug|iPhone
		Debug|iPhoneSimulator = Debug|iPhoneSimulator
		Debug|x64 = Debug|x64
		Debug|x86 = Debug|x86
		Release|Any CPU = Release|Any CPU
		Release|ARM = Release|ARM
		Release|iPhone = Release|iPhone
		Release|iPhoneSimulator = Release|iPhoneSimulator
		Release|x64 = Release|x64
		Release|x86 = Release|x86
	EndGlobalSection
	GlobalSection(ProjectConfigurationPlatforms) = postSolution
		{86B53231-E32B-4F72-8673-41FBDBE663CE}.Ad-Hoc|Any CPU.ActiveCfg = Release|Any CPU
		{86B53231-E32B-4F72-8673-41FBDBE663CE}.Ad-Hoc|Any CPU.Build.0 = Release|Any CPU
		{86B53231-E32B-4F72-8673-41FBDBE663CE}.Ad-Hoc|ARM.ActiveCfg = Release|Any CPU
		{86B53231-E32B-4F72-8673-41FBDBE663CE}.Ad-Hoc|ARM.Build.0 = Release|Any CPU
		{86B53231-E32B-4F72-8673-41FBDBE663CE}.Ad-Hoc|iPhone.ActiveCfg = Release|Any CPU
		{86B53231-E32B-4F72-8673-41FBDBE663CE}.Ad-Hoc|iPhone.Build.0 = Release|Any CPU
		{86B53231-E32B-4F72-8673-41FBDBE663CE}.Ad-Hoc|iPhoneSimulator.ActiveCfg = Release|Any CPU
		{86B53231-E32B-4F72-8673-41FBDBE663CE}.Ad-Hoc|iPhoneSimulator.Build.0 = Release|Any CPU
		{86B53231-E32B-4F72-8673-41FBDBE663CE}.Ad-Hoc|x64.ActiveCfg = Release|Any CPU
		{86B53231-E32B-4F72-8673-41FBDBE663CE}.Ad-Hoc|x64.Build.0 = Release|Any CPU
		{86B53231-E32B-4F72-8673-41FBDBE663CE}.Ad-Hoc|x86.ActiveCfg = Release|Any CPU
		{86B53231-E32B-4F72-8673-41FBDBE663CE}.Ad-Hoc|x86.Build.0 = Release|Any CPU
		{86B53231-E32B-4F72-8673-41FBDBE663CE}.AppStore|Any CPU.ActiveCfg = Release|Any CPU
		{86B53231-E32B-4F72-8673-41FBDBE663CE}.AppStore|Any CPU.Build.0 = Release|Any CPU
		{86B53231-E32B-4F72-8673-41FBDBE663CE}.AppStore|ARM.ActiveCfg = Release|Any CPU
		{86B53231-E32B-4F72-8673-41FBDBE663CE}.AppStore|ARM.Build.0 = Release|Any CPU
		{86B53231-E32B-4F72-8673-41FBDBE663CE}.AppStore|iPhone.ActiveCfg = Release|Any CPU
		{86B53231-E32B-4F72-8673-41FBDBE663CE}.AppStore|iPhone.Build.0 = Release|Any CPU
		{86B53231-E32B-4F72-8673-41FBDBE663CE}.AppStore|iPhoneSimulator.ActiveCfg = Release|Any CPU
		{86B53231-E32B-4F72-8673-41FBDBE663CE}.AppStore|iPhoneSimulator.Build.0 = Release|Any CPU
		{86B53231-E32B-4F72-8673-41FBDBE663CE}.AppStore|x64.ActiveCfg = Release|Any CPU
		{86B53231-E32B-4F72-8673-41FBDBE663CE}.AppStore|x64.Build.0 = Release|Any CPU
		{86B53231-E32B-4F72-8673-41FBDBE663CE}.AppStore|x86.ActiveCfg = Release|Any CPU
		{86B53231-E32B-4F72-8673-41FBDBE663CE}.AppStore|x86.Build.0 = Release|Any CPU
		{86B53231-E32B-4F72-8673-41FBDBE663CE}.Debug|Any CPU.ActiveCfg = Debug|Any CPU
		{86B53231-E32B-4F72-8673-41FBDBE663CE}.Debug|Any CPU.Build.0 = Debug|Any CPU
		{86B53231-E32B-4F72-8673-41FBDBE663CE}.Debug|ARM.ActiveCfg = Debug|Any CPU
		{86B53231-E32B-4F72-8673-41FBDBE663CE}.Debug|ARM.Build.0 = Debug|Any CPU
		{86B53231-E32B-4F72-8673-41FBDBE663CE}.Debug|iPhone.ActiveCfg = Debug|Any CPU
		{86B53231-E32B-4F72-8673-41FBDBE663CE}.Debug|iPhone.Build.0 = Debug|Any CPU
		{86B53231-E32B-4F72-8673-41FBDBE663CE}.Debug|iPhoneSimulator.ActiveCfg = Debug|Any CPU
		{86B53231-E32B-4F72-8673-41FBDBE663CE}.Debug|iPhoneSimulator.Build.0 = Debug|Any CPU
		{86B53231-E32B-4F72-8673-41FBDBE663CE}.Debug|x64.ActiveCfg = Debug|Any CPU
		{86B53231-E32B-4F72-8673-41FBDBE663CE}.Debug|x64.Build.0 = Debug|Any CPU
		{86B53231-E32B-4F72-8673-41FBDBE663CE}.Debug|x86.ActiveCfg = Debug|Any CPU
		{86B53231-E32B-4F72-8673-41FBDBE663CE}.Debug|x86.Build.0 = Debug|Any CPU
		{86B53231-E32B-4F72-8673-41FBDBE663CE}.Release|Any CPU.ActiveCfg = Release|Any CPU
		{86B53231-E32B-4F72-8673-41FBDBE663CE}.Release|Any CPU.Build.0 = Release|Any CPU
		{86B53231-E32B-4F72-8673-41FBDBE663CE}.Release|ARM.ActiveCfg = Release|Any CPU
		{86B53231-E32B-4F72-8673-41FBDBE663CE}.Release|ARM.Build.0 = Release|Any CPU
		{86B53231-E32B-4F72-8673-41FBDBE663CE}.Release|iPhone.ActiveCfg = Release|Any CPU
		{86B53231-E32B-4F72-8673-41FBDBE663CE}.Release|iPhone.Build.0 = Release|Any CPU
		{86B53231-E32B-4F72-8673-41FBDBE663CE}.Release|iPhoneSimulator.ActiveCfg = Release|Any CPU
		{86B53231-E32B-4F72-8673-41FBDBE663CE}.Release|iPhoneSimulator.Build.0 = Release|Any CPU
		{86B53231-E32B-4F72-8673-41FBDBE663CE}.Release|x64.ActiveCfg = Release|Any CPU
		{86B53231-E32B-4F72-8673-41FBDBE663CE}.Release|x64.Build.0 = Release|Any CPU
		{86B53231-E32B-4F72-8673-41FBDBE663CE}.Release|x86.ActiveCfg = Release|Any CPU
		{86B53231-E32B-4F72-8673-41FBDBE663CE}.Release|x86.Build.0 = Release|Any CPU
		{441166B3-B448-433D-BBF9-0E6131D9EA68}.Ad-Hoc|Any CPU.ActiveCfg = Release|Any CPU
		{441166B3-B448-433D-BBF9-0E6131D9EA68}.Ad-Hoc|Any CPU.Build.0 = Release|Any CPU
		{441166B3-B448-433D-BBF9-0E6131D9EA68}.Ad-Hoc|Any CPU.Deploy.0 = Release|Any CPU
		{441166B3-B448-433D-BBF9-0E6131D9EA68}.Ad-Hoc|ARM.ActiveCfg = Release|Any CPU
		{441166B3-B448-433D-BBF9-0E6131D9EA68}.Ad-Hoc|ARM.Build.0 = Release|Any CPU
		{441166B3-B448-433D-BBF9-0E6131D9EA68}.Ad-Hoc|ARM.Deploy.0 = Release|Any CPU
		{441166B3-B448-433D-BBF9-0E6131D9EA68}.Ad-Hoc|iPhone.ActiveCfg = Release|Any CPU
		{441166B3-B448-433D-BBF9-0E6131D9EA68}.Ad-Hoc|iPhone.Build.0 = Release|Any CPU
		{441166B3-B448-433D-BBF9-0E6131D9EA68}.Ad-Hoc|iPhone.Deploy.0 = Release|Any CPU
		{441166B3-B448-433D-BBF9-0E6131D9EA68}.Ad-Hoc|iPhoneSimulator.ActiveCfg = Release|Any CPU
		{441166B3-B448-433D-BBF9-0E6131D9EA68}.Ad-Hoc|iPhoneSimulator.Build.0 = Release|Any CPU
		{441166B3-B448-433D-BBF9-0E6131D9EA68}.Ad-Hoc|iPhoneSimulator.Deploy.0 = Release|Any CPU
		{441166B3-B448-433D-BBF9-0E6131D9EA68}.Ad-Hoc|x64.ActiveCfg = Release|Any CPU
		{441166B3-B448-433D-BBF9-0E6131D9EA68}.Ad-Hoc|x64.Build.0 = Release|Any CPU
		{441166B3-B448-433D-BBF9-0E6131D9EA68}.Ad-Hoc|x64.Deploy.0 = Release|Any CPU
		{441166B3-B448-433D-BBF9-0E6131D9EA68}.Ad-Hoc|x86.ActiveCfg = Release|Any CPU
		{441166B3-B448-433D-BBF9-0E6131D9EA68}.Ad-Hoc|x86.Build.0 = Release|Any CPU
		{441166B3-B448-433D-BBF9-0E6131D9EA68}.Ad-Hoc|x86.Deploy.0 = Release|Any CPU
		{441166B3-B448-433D-BBF9-0E6131D9EA68}.AppStore|Any CPU.ActiveCfg = Release|Any CPU
		{441166B3-B448-433D-BBF9-0E6131D9EA68}.AppStore|Any CPU.Build.0 = Release|Any CPU
		{441166B3-B448-433D-BBF9-0E6131D9EA68}.AppStore|Any CPU.Deploy.0 = Release|Any CPU
		{441166B3-B448-433D-BBF9-0E6131D9EA68}.AppStore|ARM.ActiveCfg = Release|Any CPU
		{441166B3-B448-433D-BBF9-0E6131D9EA68}.AppStore|ARM.Build.0 = Release|Any CPU
		{441166B3-B448-433D-BBF9-0E6131D9EA68}.AppStore|ARM.Deploy.0 = Release|Any CPU
		{441166B3-B448-433D-BBF9-0E6131D9EA68}.AppStore|iPhone.ActiveCfg = Release|Any CPU
		{441166B3-B448-433D-BBF9-0E6131D9EA68}.AppStore|iPhone.Build.0 = Release|Any CPU
		{441166B3-B448-433D-BBF9-0E6131D9EA68}.AppStore|iPhone.Deploy.0 = Release|Any CPU
		{441166B3-B448-433D-BBF9-0E6131D9EA68}.AppStore|iPhoneSimulator.ActiveCfg = Release|Any CPU
		{441166B3-B448-433D-BBF9-0E6131D9EA68}.AppStore|iPhoneSimulator.Build.0 = Release|Any CPU
		{441166B3-B448-433D-BBF9-0E6131D9EA68}.AppStore|iPhoneSimulator.Deploy.0 = Release|Any CPU
		{441166B3-B448-433D-BBF9-0E6131D9EA68}.AppStore|x64.ActiveCfg = Release|Any CPU
		{441166B3-B448-433D-BBF9-0E6131D9EA68}.AppStore|x64.Build.0 = Release|Any CPU
		{441166B3-B448-433D-BBF9-0E6131D9EA68}.AppStore|x64.Deploy.0 = Release|Any CPU
		{441166B3-B448-433D-BBF9-0E6131D9EA68}.AppStore|x86.ActiveCfg = Release|Any CPU
		{441166B3-B448-433D-BBF9-0E6131D9EA68}.AppStore|x86.Build.0 = Release|Any CPU
		{441166B3-B448-433D-BBF9-0E6131D9EA68}.AppStore|x86.Deploy.0 = Release|Any CPU
		{441166B3-B448-433D-BBF9-0E6131D9EA68}.Debug|Any CPU.ActiveCfg = Debug|Any CPU
		{441166B3-B448-433D-BBF9-0E6131D9EA68}.Debug|Any CPU.Build.0 = Debug|Any CPU
		{441166B3-B448-433D-BBF9-0E6131D9EA68}.Debug|Any CPU.Deploy.0 = Debug|Any CPU
		{441166B3-B448-433D-BBF9-0E6131D9EA68}.Debug|ARM.ActiveCfg = Debug|Any CPU
		{441166B3-B448-433D-BBF9-0E6131D9EA68}.Debug|ARM.Build.0 = Debug|Any CPU
		{441166B3-B448-433D-BBF9-0E6131D9EA68}.Debug|ARM.Deploy.0 = Debug|Any CPU
		{441166B3-B448-433D-BBF9-0E6131D9EA68}.Debug|iPhone.ActiveCfg = Debug|Any CPU
		{441166B3-B448-433D-BBF9-0E6131D9EA68}.Debug|iPhone.Build.0 = Debug|Any CPU
		{441166B3-B448-433D-BBF9-0E6131D9EA68}.Debug|iPhone.Deploy.0 = Debug|Any CPU
		{441166B3-B448-433D-BBF9-0E6131D9EA68}.Debug|iPhoneSimulator.ActiveCfg = Debug|Any CPU
		{441166B3-B448-433D-BBF9-0E6131D9EA68}.Debug|iPhoneSimulator.Build.0 = Debug|Any CPU
		{441166B3-B448-433D-BBF9-0E6131D9EA68}.Debug|iPhoneSimulator.Deploy.0 = Debug|Any CPU
		{441166B3-B448-433D-BBF9-0E6131D9EA68}.Debug|x64.ActiveCfg = Debug|Any CPU
		{441166B3-B448-433D-BBF9-0E6131D9EA68}.Debug|x64.Build.0 = Debug|Any CPU
		{441166B3-B448-433D-BBF9-0E6131D9EA68}.Debug|x64.Deploy.0 = Debug|Any CPU
		{441166B3-B448-433D-BBF9-0E6131D9EA68}.Debug|x86.ActiveCfg = Debug|Any CPU
		{441166B3-B448-433D-BBF9-0E6131D9EA68}.Debug|x86.Build.0 = Debug|Any CPU
		{441166B3-B448-433D-BBF9-0E6131D9EA68}.Debug|x86.Deploy.0 = Debug|Any CPU
		{441166B3-B448-433D-BBF9-0E6131D9EA68}.Release|Any CPU.ActiveCfg = Release|Any CPU
		{441166B3-B448-433D-BBF9-0E6131D9EA68}.Release|Any CPU.Build.0 = Release|Any CPU
		{441166B3-B448-433D-BBF9-0E6131D9EA68}.Release|Any CPU.Deploy.0 = Release|Any CPU
		{441166B3-B448-433D-BBF9-0E6131D9EA68}.Release|ARM.ActiveCfg = Release|Any CPU
		{441166B3-B448-433D-BBF9-0E6131D9EA68}.Release|ARM.Build.0 = Release|Any CPU
		{441166B3-B448-433D-BBF9-0E6131D9EA68}.Release|ARM.Deploy.0 = Release|Any CPU
		{441166B3-B448-433D-BBF9-0E6131D9EA68}.Release|iPhone.ActiveCfg = Release|Any CPU
		{441166B3-B448-433D-BBF9-0E6131D9EA68}.Release|iPhone.Build.0 = Release|Any CPU
		{441166B3-B448-433D-BBF9-0E6131D9EA68}.Release|iPhone.Deploy.0 = Release|Any CPU
		{441166B3-B448-433D-BBF9-0E6131D9EA68}.Release|iPhoneSimulator.ActiveCfg = Release|Any CPU
		{441166B3-B448-433D-BBF9-0E6131D9EA68}.Release|iPhoneSimulator.Build.0 = Release|Any CPU
		{441166B3-B448-433D-BBF9-0E6131D9EA68}.Release|iPhoneSimulator.Deploy.0 = Release|Any CPU
		{441166B3-B448-433D-BBF9-0E6131D9EA68}.Release|x64.ActiveCfg = Release|Any CPU
		{441166B3-B448-433D-BBF9-0E6131D9EA68}.Release|x64.Build.0 = Release|Any CPU
		{441166B3-B448-433D-BBF9-0E6131D9EA68}.Release|x64.Deploy.0 = Release|Any CPU
		{441166B3-B448-433D-BBF9-0E6131D9EA68}.Release|x86.ActiveCfg = Release|Any CPU
		{441166B3-B448-433D-BBF9-0E6131D9EA68}.Release|x86.Build.0 = Release|Any CPU
		{441166B3-B448-433D-BBF9-0E6131D9EA68}.Release|x86.Deploy.0 = Release|Any CPU
	EndGlobalSection
	GlobalSection(SolutionProperties) = preSolution
		HideSolutionNode = FALSE
	EndGlobalSection
EndGlobal
